// !$*UTF8*$!
{
	archiveVersion = 1;
	classes = {
	};
	objectVersion = 48;
	objects = {

/* Begin PBXBuildFile section */
		85C74BD7E7ECAAA3D7B195E1 /* Pods_CLFoundationExample.framework in Frameworks */ = {isa = PBXBuildFile; fileRef = 8CCCB4B4B5D99FC7A6BBD8E1 /* Pods_CLFoundationExample.framework */; };
		A48D73A92034478B00378353 /* EXDateController.m in Sources */ = {isa = PBXBuildFile; fileRef = A48D73A82034478B00378353 /* EXDateController.m */; };
		A48D73DD2035561B00378353 /* EXDictionaryController.m in Sources */ = {isa = PBXBuildFile; fileRef = A48D73DC2035561B00378353 /* EXDictionaryController.m */; };
		A48D73E12035AD3B00378353 /* EXStringController.m in Sources */ = {isa = PBXBuildFile; fileRef = A48D73E02035AD3B00378353 /* EXStringController.m */; };
		A48D73E52035B2AE00378353 /* EXURLController.m in Sources */ = {isa = PBXBuildFile; fileRef = A48D73E42035B2AE00378353 /* EXURLController.m */; };
		A4A6C331203EDF53001EF8FD /* EXTimerController.m in Sources */ = {isa = PBXBuildFile; fileRef = A4A6C330203EDF53001EF8FD /* EXTimerController.m */; };
		A4A8A40D2040731700FA9EC5 /* EXObjectController.m in Sources */ = {isa = PBXBuildFile; fileRef = A4A8A40C2040731700FA9EC5 /* EXObjectController.m */; };
		A4A8A4152042931900FA9EC5 /* EXNumberController.m in Sources */ = {isa = PBXBuildFile; fileRef = A4A8A4142042931900FA9EC5 /* EXNumberController.m */; };
		A4ACC49E2034103600E756D1 /* AppDelegate.m in Sources */ = {isa = PBXBuildFile; fileRef = A4ACC49D2034103600E756D1 /* AppDelegate.m */; };
		A4ACC4A62034103600E756D1 /* Assets.xcassets in Resources */ = {isa = PBXBuildFile; fileRef = A4ACC4A52034103600E756D1 /* Assets.xcassets */; };
		A4ACC4A92034103600E756D1 /* LaunchScreen.storyboard in Resources */ = {isa = PBXBuildFile; fileRef = A4ACC4A72034103600E756D1 /* LaunchScreen.storyboard */; };
		A4ACC4AC2034103600E756D1 /* main.m in Sources */ = {isa = PBXBuildFile; fileRef = A4ACC4AB2034103600E756D1 /* main.m */; };
		A4ACC4E72034129100E756D1 /* EXRootController.m in Sources */ = {isa = PBXBuildFile; fileRef = A4ACC4E62034129100E756D1 /* EXRootController.m */; };
		A4ACC4EE203419A200E756D1 /* EXArrayController.m in Sources */ = {isa = PBXBuildFile; fileRef = A4ACC4ED203419A200E756D1 /* EXArrayController.m */; };
		A4ACC4F22034212400E756D1 /* EXAttributeStringController.m in Sources */ = {isa = PBXBuildFile; fileRef = A4ACC4F12034212400E756D1 /* EXAttributeStringController.m */; };
		A4ACC4F62034265700E756D1 /* EXBundleController.m in Sources */ = {isa = PBXBuildFile; fileRef = A4ACC4F52034265700E756D1 /* EXBundleController.m */; };
		A4ACC4FA20342A8E00E756D1 /* EXBaseViewController.m in Sources */ = {isa = PBXBuildFile; fileRef = A4ACC4F920342A8E00E756D1 /* EXBaseViewController.m */; };
		A4ACC4FE20342C0E00E756D1 /* EXDataController.m in Sources */ = {isa = PBXBuildFile; fileRef = A4ACC4FD20342C0E00E756D1 /* EXDataController.m */; };
		A4BA3137204BA00F002E0ED7 /* EXFileManagerController.m in Sources */ = {isa = PBXBuildFile; fileRef = A4BA3136204BA00F002E0ED7 /* EXFileManagerController.m */; };
		A4BA313C204CCD95002E0ED7 /* CLFoundationExample.bundle in Resources */ = {isa = PBXBuildFile; fileRef = A4BA313B204CCD95002E0ED7 /* CLFoundationExample.bundle */; };
		BF47C02E208D849F00FD5C78 /* EXNotificationCenterController.m in Sources */ = {isa = PBXBuildFile; fileRef = BF47C02D208D849F00FD5C78 /* EXNotificationCenterController.m */; };
		BF84D60F20897A890061D29F /* CLSpeechSynthesizer.m in Sources */ = {isa = PBXBuildFile; fileRef = BF84D60E20897A890061D29F /* CLSpeechSynthesizer.m */; };
		BF84D61320897C770061D29F /* EXSpeechController.m in Sources */ = {isa = PBXBuildFile; fileRef = BF84D61220897C770061D29F /* EXSpeechController.m */; };
		BFAE1C7B20BFC2B1002B6230 /* NSObject+CLObject.m in Sources */ = {isa = PBXBuildFile; fileRef = BFAE1C4D20BFC2B1002B6230 /* NSObject+CLObject.m */; };
		BFAE1C7C20BFC2B1002B6230 /* NSNotificationCenter+CLNotificationCenter.m in Sources */ = {isa = PBXBuildFile; fileRef = BFAE1C5020BFC2B1002B6230 /* NSNotificationCenter+CLNotificationCenter.m */; };
		BFAE1C7D20BFC2B1002B6230 /* NSAttributedString+CLAttributedString.m in Sources */ = {isa = PBXBuildFile; fileRef = BFAE1C5220BFC2B1002B6230 /* NSAttributedString+CLAttributedString.m */; };
		BFAE1C7E20BFC2B1002B6230 /* NSFileManager+CLFileManager.m in Sources */ = {isa = PBXBuildFile; fileRef = BFAE1C5620BFC2B1002B6230 /* NSFileManager+CLFileManager.m */; };
		BFAE1C7F20BFC2B1002B6230 /* NSTimer+CLTimer.m in Sources */ = {isa = PBXBuildFile; fileRef = BFAE1C5920BFC2B1002B6230 /* NSTimer+CLTimer.m */; };
		BFAE1C8020BFC2B1002B6230 /* NSDate+CLDate.m in Sources */ = {isa = PBXBuildFile; fileRef = BFAE1C5C20BFC2B1002B6230 /* NSDate+CLDate.m */; };
		BFAE1C8120BFC2B1002B6230 /* NSBundle+CLBundle.m in Sources */ = {isa = PBXBuildFile; fileRef = BFAE1C5E20BFC2B1002B6230 /* NSBundle+CLBundle.m */; };
		BFAE1C8220BFC2B1002B6230 /* NSURL+CLURL.m in Sources */ = {isa = PBXBuildFile; fileRef = BFAE1C6120BFC2B1002B6230 /* NSURL+CLURL.m */; };
		BFAE1C8320BFC2B1002B6230 /* NSMutableArray+CLMutableArray.m in Sources */ = {isa = PBXBuildFile; fileRef = BFAE1C6520BFC2B1002B6230 /* NSMutableArray+CLMutableArray.m */; };
		BFAE1C8420BFC2B1002B6230 /* NSMutableAttributedString+CLMutableAttributedString.m in Sources */ = {isa = PBXBuildFile; fileRef = BFAE1C6820BFC2B1002B6230 /* NSMutableAttributedString+CLMutableAttributedString.m */; };
		BFAE1C8520BFC2B1002B6230 /* NSString+CLString.m in Sources */ = {isa = PBXBuildFile; fileRef = BFAE1C6B20BFC2B1002B6230 /* NSString+CLString.m */; };
		BFAE1C8620BFC2B1002B6230 /* NSArray+CLArray.m in Sources */ = {isa = PBXBuildFile; fileRef = BFAE1C6E20BFC2B1002B6230 /* NSArray+CLArray.m */; };
		BFAE1C8720BFC2B1002B6230 /* NSNumber+CLNumber.m in Sources */ = {isa = PBXBuildFile; fileRef = BFAE1C7120BFC2B1002B6230 /* NSNumber+CLNumber.m */; };
		BFAE1C8820BFC2B1002B6230 /* NSMutableDictionary+CLMutableDictionary.m in Sources */ = {isa = PBXBuildFile; fileRef = BFAE1C7320BFC2B1002B6230 /* NSMutableDictionary+CLMutableDictionary.m */; };
		BFAE1C8920BFC2B1002B6230 /* NSData+CLData.m in Sources */ = {isa = PBXBuildFile; fileRef = BFAE1C7620BFC2B1002B6230 /* NSData+CLData.m */; };
		BFAE1C8A20BFC2B1002B6230 /* NSDictionary+CLDictionary.m in Sources */ = {isa = PBXBuildFile; fileRef = BFAE1C7A20BFC2B1002B6230 /* NSDictionary+CLDictionary.m */; };
/* End PBXBuildFile section */

/* Begin PBXFileReference section */
		70FF2BFBA5CE3B890BBD4BFC /* Pods-CLFoundationExample.debug.xcconfig */ = {isa = PBXFileReference; includeInIndex = 1; lastKnownFileType = text.xcconfig; name = "Pods-CLFoundationExample.debug.xcconfig"; path = "Pods/Target Support Files/Pods-CLFoundationExample/Pods-CLFoundationExample.debug.xcconfig"; sourceTree = "<group>"; };
		8CCCB4B4B5D99FC7A6BBD8E1 /* Pods_CLFoundationExample.framework */ = {isa = PBXFileReference; explicitFileType = wrapper.framework; includeInIndex = 0; path = Pods_CLFoundationExample.framework; sourceTree = BUILT_PRODUCTS_DIR; };
		A48D73A72034478B00378353 /* EXDateController.h */ = {isa = PBXFileReference; lastKnownFileType = sourcecode.c.h; path = EXDateController.h; sourceTree = "<group>"; };
		A48D73A82034478B00378353 /* EXDateController.m */ = {isa = PBXFileReference; lastKnownFileType = sourcecode.c.objc; path = EXDateController.m; sourceTree = "<group>"; };
		A48D73BE2034544C00378353 /* CLFoundation.h */ = {isa = PBXFileReference; fileEncoding = 4; lastKnownFileType = sourcecode.c.h; path = CLFoundation.h; sourceTree = "<group>"; };
		A48D73DB2035561B00378353 /* EXDictionaryController.h */ = {isa = PBXFileReference; lastKnownFileType = sourcecode.c.h; path = EXDictionaryController.h; sourceTree = "<group>"; };
		A48D73DC2035561B00378353 /* EXDictionaryController.m */ = {isa = PBXFileReference; lastKnownFileType = sourcecode.c.objc; path = EXDictionaryController.m; sourceTree = "<group>"; };
		A48D73DF2035AD3B00378353 /* EXStringController.h */ = {isa = PBXFileReference; lastKnownFileType = sourcecode.c.h; path = EXStringController.h; sourceTree = "<group>"; };
		A48D73E02035AD3B00378353 /* EXStringController.m */ = {isa = PBXFileReference; lastKnownFileType = sourcecode.c.objc; path = EXStringController.m; sourceTree = "<group>"; };
		A48D73E32035B2AE00378353 /* EXURLController.h */ = {isa = PBXFileReference; lastKnownFileType = sourcecode.c.h; path = EXURLController.h; sourceTree = "<group>"; };
		A48D73E42035B2AE00378353 /* EXURLController.m */ = {isa = PBXFileReference; lastKnownFileType = sourcecode.c.objc; path = EXURLController.m; sourceTree = "<group>"; };
		A4A6C32F203EDF53001EF8FD /* EXTimerController.h */ = {isa = PBXFileReference; lastKnownFileType = sourcecode.c.h; path = EXTimerController.h; sourceTree = "<group>"; };
		A4A6C330203EDF53001EF8FD /* EXTimerController.m */ = {isa = PBXFileReference; lastKnownFileType = sourcecode.c.objc; path = EXTimerController.m; sourceTree = "<group>"; };
		A4A8A40B2040731700FA9EC5 /* EXObjectController.h */ = {isa = PBXFileReference; lastKnownFileType = sourcecode.c.h; path = EXObjectController.h; sourceTree = "<group>"; };
		A4A8A40C2040731700FA9EC5 /* EXObjectController.m */ = {isa = PBXFileReference; lastKnownFileType = sourcecode.c.objc; path = EXObjectController.m; sourceTree = "<group>"; };
		A4A8A4132042931900FA9EC5 /* EXNumberController.h */ = {isa = PBXFileReference; lastKnownFileType = sourcecode.c.h; path = EXNumberController.h; sourceTree = "<group>"; };
		A4A8A4142042931900FA9EC5 /* EXNumberController.m */ = {isa = PBXFileReference; lastKnownFileType = sourcecode.c.objc; path = EXNumberController.m; sourceTree = "<group>"; };
		A4ACC4992034103600E756D1 /* CLFoundationExample.app */ = {isa = PBXFileReference; explicitFileType = wrapper.application; includeInIndex = 0; path = CLFoundationExample.app; sourceTree = BUILT_PRODUCTS_DIR; };
		A4ACC49C2034103600E756D1 /* AppDelegate.h */ = {isa = PBXFileReference; lastKnownFileType = sourcecode.c.h; path = AppDelegate.h; sourceTree = "<group>"; };
		A4ACC49D2034103600E756D1 /* AppDelegate.m */ = {isa = PBXFileReference; lastKnownFileType = sourcecode.c.objc; path = AppDelegate.m; sourceTree = "<group>"; };
		A4ACC4A52034103600E756D1 /* Assets.xcassets */ = {isa = PBXFileReference; lastKnownFileType = folder.assetcatalog; path = Assets.xcassets; sourceTree = "<group>"; };
		A4ACC4A82034103600E756D1 /* Base */ = {isa = PBXFileReference; lastKnownFileType = file.storyboard; name = Base; path = Base.lproj/LaunchScreen.storyboard; sourceTree = "<group>"; };
		A4ACC4AA2034103600E756D1 /* Info.plist */ = {isa = PBXFileReference; lastKnownFileType = text.plist.xml; path = Info.plist; sourceTree = "<group>"; };
		A4ACC4AB2034103600E756D1 /* main.m */ = {isa = PBXFileReference; lastKnownFileType = sourcecode.c.objc; path = main.m; sourceTree = "<group>"; };
		A4ACC4E52034129100E756D1 /* EXRootController.h */ = {isa = PBXFileReference; lastKnownFileType = sourcecode.c.h; path = EXRootController.h; sourceTree = "<group>"; };
		A4ACC4E62034129100E756D1 /* EXRootController.m */ = {isa = PBXFileReference; lastKnownFileType = sourcecode.c.objc; path = EXRootController.m; sourceTree = "<group>"; };
		A4ACC4E92034152600E756D1 /* CLFoundationExample-PrefixHeader.pch */ = {isa = PBXFileReference; lastKnownFileType = sourcecode.c.h; path = "CLFoundationExample-PrefixHeader.pch"; sourceTree = "<group>"; };
		A4ACC4EC203419A200E756D1 /* EXArrayController.h */ = {isa = PBXFileReference; lastKnownFileType = sourcecode.c.h; path = EXArrayController.h; sourceTree = "<group>"; };
		A4ACC4ED203419A200E756D1 /* EXArrayController.m */ = {isa = PBXFileReference; lastKnownFileType = sourcecode.c.objc; path = EXArrayController.m; sourceTree = "<group>"; };
		A4ACC4F02034212400E756D1 /* EXAttributeStringController.h */ = {isa = PBXFileReference; lastKnownFileType = sourcecode.c.h; path = EXAttributeStringController.h; sourceTree = "<group>"; };
		A4ACC4F12034212400E756D1 /* EXAttributeStringController.m */ = {isa = PBXFileReference; lastKnownFileType = sourcecode.c.objc; path = EXAttributeStringController.m; sourceTree = "<group>"; };
		A4ACC4F42034265700E756D1 /* EXBundleController.h */ = {isa = PBXFileReference; lastKnownFileType = sourcecode.c.h; path = EXBundleController.h; sourceTree = "<group>"; };
		A4ACC4F52034265700E756D1 /* EXBundleController.m */ = {isa = PBXFileReference; lastKnownFileType = sourcecode.c.objc; path = EXBundleController.m; sourceTree = "<group>"; };
		A4ACC4F820342A8E00E756D1 /* EXBaseViewController.h */ = {isa = PBXFileReference; lastKnownFileType = sourcecode.c.h; path = EXBaseViewController.h; sourceTree = "<group>"; };
		A4ACC4F920342A8E00E756D1 /* EXBaseViewController.m */ = {isa = PBXFileReference; lastKnownFileType = sourcecode.c.objc; path = EXBaseViewController.m; sourceTree = "<group>"; };
		A4ACC4FC20342C0E00E756D1 /* EXDataController.h */ = {isa = PBXFileReference; lastKnownFileType = sourcecode.c.h; path = EXDataController.h; sourceTree = "<group>"; };
		A4ACC4FD20342C0E00E756D1 /* EXDataController.m */ = {isa = PBXFileReference; lastKnownFileType = sourcecode.c.objc; path = EXDataController.m; sourceTree = "<group>"; };
		A4BA3135204BA00F002E0ED7 /* EXFileManagerController.h */ = {isa = PBXFileReference; lastKnownFileType = sourcecode.c.h; path = EXFileManagerController.h; sourceTree = "<group>"; };
		A4BA3136204BA00F002E0ED7 /* EXFileManagerController.m */ = {isa = PBXFileReference; lastKnownFileType = sourcecode.c.objc; path = EXFileManagerController.m; sourceTree = "<group>"; };
		A4BA313B204CCD95002E0ED7 /* CLFoundationExample.bundle */ = {isa = PBXFileReference; lastKnownFileType = "wrapper.plug-in"; path = CLFoundationExample.bundle; sourceTree = "<group>"; };
		BF47C02C208D849F00FD5C78 /* EXNotificationCenterController.h */ = {isa = PBXFileReference; lastKnownFileType = sourcecode.c.h; path = EXNotificationCenterController.h; sourceTree = "<group>"; };
		BF47C02D208D849F00FD5C78 /* EXNotificationCenterController.m */ = {isa = PBXFileReference; lastKnownFileType = sourcecode.c.objc; path = EXNotificationCenterController.m; sourceTree = "<group>"; };
		BF84D60D20897A890061D29F /* CLSpeechSynthesizer.h */ = {isa = PBXFileReference; lastKnownFileType = sourcecode.c.h; path = CLSpeechSynthesizer.h; sourceTree = "<group>"; };
		BF84D60E20897A890061D29F /* CLSpeechSynthesizer.m */ = {isa = PBXFileReference; lastKnownFileType = sourcecode.c.objc; path = CLSpeechSynthesizer.m; sourceTree = "<group>"; };
		BF84D61120897C770061D29F /* EXSpeechController.h */ = {isa = PBXFileReference; lastKnownFileType = sourcecode.c.h; path = EXSpeechController.h; sourceTree = "<group>"; };
		BF84D61220897C770061D29F /* EXSpeechController.m */ = {isa = PBXFileReference; lastKnownFileType = sourcecode.c.objc; path = EXSpeechController.m; sourceTree = "<group>"; };
		BFAE1C4C20BFC2B1002B6230 /* NSObject+CLObject.h */ = {isa = PBXFileReference; fileEncoding = 4; lastKnownFileType = sourcecode.c.h; path = "NSObject+CLObject.h"; sourceTree = "<group>"; };
		BFAE1C4D20BFC2B1002B6230 /* NSObject+CLObject.m */ = {isa = PBXFileReference; fileEncoding = 4; lastKnownFileType = sourcecode.c.objc; path = "NSObject+CLObject.m"; sourceTree = "<group>"; };
		BFAE1C4F20BFC2B1002B6230 /* NSNotificationCenter+CLNotificationCenter.h */ = {isa = PBXFileReference; fileEncoding = 4; lastKnownFileType = sourcecode.c.h; path = "NSNotificationCenter+CLNotificationCenter.h"; sourceTree = "<group>"; };
		BFAE1C5020BFC2B1002B6230 /* NSNotificationCenter+CLNotificationCenter.m */ = {isa = PBXFileReference; fileEncoding = 4; lastKnownFileType = sourcecode.c.objc; path = "NSNotificationCenter+CLNotificationCenter.m"; sourceTree = "<group>"; };
		BFAE1C5220BFC2B1002B6230 /* NSAttributedString+CLAttributedString.m */ = {isa = PBXFileReference; fileEncoding = 4; lastKnownFileType = sourcecode.c.objc; path = "NSAttributedString+CLAttributedString.m"; sourceTree = "<group>"; };
		BFAE1C5320BFC2B1002B6230 /* NSAttributedString+CLAttributedString.h */ = {isa = PBXFileReference; fileEncoding = 4; lastKnownFileType = sourcecode.c.h; path = "NSAttributedString+CLAttributedString.h"; sourceTree = "<group>"; };
		BFAE1C5520BFC2B1002B6230 /* NSFileManager+CLFileManager.h */ = {isa = PBXFileReference; fileEncoding = 4; lastKnownFileType = sourcecode.c.h; path = "NSFileManager+CLFileManager.h"; sourceTree = "<group>"; };
		BFAE1C5620BFC2B1002B6230 /* NSFileManager+CLFileManager.m */ = {isa = PBXFileReference; fileEncoding = 4; lastKnownFileType = sourcecode.c.objc; path = "NSFileManager+CLFileManager.m"; sourceTree = "<group>"; };
		BFAE1C5820BFC2B1002B6230 /* NSTimer+CLTimer.h */ = {isa = PBXFileReference; fileEncoding = 4; lastKnownFileType = sourcecode.c.h; path = "NSTimer+CLTimer.h"; sourceTree = "<group>"; };
		BFAE1C5920BFC2B1002B6230 /* NSTimer+CLTimer.m */ = {isa = PBXFileReference; fileEncoding = 4; lastKnownFileType = sourcecode.c.objc; path = "NSTimer+CLTimer.m"; sourceTree = "<group>"; };
		BFAE1C5B20BFC2B1002B6230 /* NSDate+CLDate.h */ = {isa = PBXFileReference; fileEncoding = 4; lastKnownFileType = sourcecode.c.h; path = "NSDate+CLDate.h"; sourceTree = "<group>"; };
		BFAE1C5C20BFC2B1002B6230 /* NSDate+CLDate.m */ = {isa = PBXFileReference; fileEncoding = 4; lastKnownFileType = sourcecode.c.objc; path = "NSDate+CLDate.m"; sourceTree = "<group>"; };
		BFAE1C5E20BFC2B1002B6230 /* NSBundle+CLBundle.m */ = {isa = PBXFileReference; fileEncoding = 4; lastKnownFileType = sourcecode.c.objc; path = "NSBundle+CLBundle.m"; sourceTree = "<group>"; };
		BFAE1C5F20BFC2B1002B6230 /* NSBundle+CLBundle.h */ = {isa = PBXFileReference; fileEncoding = 4; lastKnownFileType = sourcecode.c.h; path = "NSBundle+CLBundle.h"; sourceTree = "<group>"; };
		BFAE1C6120BFC2B1002B6230 /* NSURL+CLURL.m */ = {isa = PBXFileReference; fileEncoding = 4; lastKnownFileType = sourcecode.c.objc; path = "NSURL+CLURL.m"; sourceTree = "<group>"; };
		BFAE1C6220BFC2B1002B6230 /* NSURL+CLURL.h */ = {isa = PBXFileReference; fileEncoding = 4; lastKnownFileType = sourcecode.c.h; path = "NSURL+CLURL.h"; sourceTree = "<group>"; };
		BFAE1C6420BFC2B1002B6230 /* NSMutableArray+CLMutableArray.h */ = {isa = PBXFileReference; fileEncoding = 4; lastKnownFileType = sourcecode.c.h; path = "NSMutableArray+CLMutableArray.h"; sourceTree = "<group>"; };
		BFAE1C6520BFC2B1002B6230 /* NSMutableArray+CLMutableArray.m */ = {isa = PBXFileReference; fileEncoding = 4; lastKnownFileType = sourcecode.c.objc; path = "NSMutableArray+CLMutableArray.m"; sourceTree = "<group>"; };
		BFAE1C6720BFC2B1002B6230 /* NSMutableAttributedString+CLMutableAttributedString.h */ = {isa = PBXFileReference; fileEncoding = 4; lastKnownFileType = sourcecode.c.h; path = "NSMutableAttributedString+CLMutableAttributedString.h"; sourceTree = "<group>"; };
		BFAE1C6820BFC2B1002B6230 /* NSMutableAttributedString+CLMutableAttributedString.m */ = {isa = PBXFileReference; fileEncoding = 4; lastKnownFileType = sourcecode.c.objc; path = "NSMutableAttributedString+CLMutableAttributedString.m"; sourceTree = "<group>"; };
		BFAE1C6A20BFC2B1002B6230 /* NSString+CLString.h */ = {isa = PBXFileReference; fileEncoding = 4; lastKnownFileType = sourcecode.c.h; path = "NSString+CLString.h"; sourceTree = "<group>"; };
		BFAE1C6B20BFC2B1002B6230 /* NSString+CLString.m */ = {isa = PBXFileReference; fileEncoding = 4; lastKnownFileType = sourcecode.c.objc; path = "NSString+CLString.m"; sourceTree = "<group>"; };
		BFAE1C6D20BFC2B1002B6230 /* NSArray+CLArray.h */ = {isa = PBXFileReference; fileEncoding = 4; lastKnownFileType = sourcecode.c.h; path = "NSArray+CLArray.h"; sourceTree = "<group>"; };
		BFAE1C6E20BFC2B1002B6230 /* NSArray+CLArray.m */ = {isa = PBXFileReference; fileEncoding = 4; lastKnownFileType = sourcecode.c.objc; path = "NSArray+CLArray.m"; sourceTree = "<group>"; };
		BFAE1C7020BFC2B1002B6230 /* NSNumber+CLNumber.h */ = {isa = PBXFileReference; fileEncoding = 4; lastKnownFileType = sourcecode.c.h; path = "NSNumber+CLNumber.h"; sourceTree = "<group>"; };
		BFAE1C7120BFC2B1002B6230 /* NSNumber+CLNumber.m */ = {isa = PBXFileReference; fileEncoding = 4; lastKnownFileType = sourcecode.c.objc; path = "NSNumber+CLNumber.m"; sourceTree = "<group>"; };
		BFAE1C7320BFC2B1002B6230 /* NSMutableDictionary+CLMutableDictionary.m */ = {isa = PBXFileReference; fileEncoding = 4; lastKnownFileType = sourcecode.c.objc; path = "NSMutableDictionary+CLMutableDictionary.m"; sourceTree = "<group>"; };
		BFAE1C7420BFC2B1002B6230 /* NSMutableDictionary+CLMutableDictionary.h */ = {isa = PBXFileReference; fileEncoding = 4; lastKnownFileType = sourcecode.c.h; path = "NSMutableDictionary+CLMutableDictionary.h"; sourceTree = "<group>"; };
		BFAE1C7620BFC2B1002B6230 /* NSData+CLData.m */ = {isa = PBXFileReference; fileEncoding = 4; lastKnownFileType = sourcecode.c.objc; path = "NSData+CLData.m"; sourceTree = "<group>"; };
		BFAE1C7720BFC2B1002B6230 /* NSData+CLData.h */ = {isa = PBXFileReference; fileEncoding = 4; lastKnownFileType = sourcecode.c.h; path = "NSData+CLData.h"; sourceTree = "<group>"; };
		BFAE1C7920BFC2B1002B6230 /* NSDictionary+CLDictionary.h */ = {isa = PBXFileReference; fileEncoding = 4; lastKnownFileType = sourcecode.c.h; path = "NSDictionary+CLDictionary.h"; sourceTree = "<group>"; };
		BFAE1C7A20BFC2B1002B6230 /* NSDictionary+CLDictionary.m */ = {isa = PBXFileReference; fileEncoding = 4; lastKnownFileType = sourcecode.c.objc; path = "NSDictionary+CLDictionary.m"; sourceTree = "<group>"; };
		D8AFC4BF0E762F1B9F28A338 /* Pods-CLFoundationExample.release.xcconfig */ = {isa = PBXFileReference; includeInIndex = 1; lastKnownFileType = text.xcconfig; name = "Pods-CLFoundationExample.release.xcconfig"; path = "Pods/Target Support Files/Pods-CLFoundationExample/Pods-CLFoundationExample.release.xcconfig"; sourceTree = "<group>"; };
/* End PBXFileReference section */

/* Begin PBXFrameworksBuildPhase section */
		A4ACC4962034103600E756D1 /* Frameworks */ = {
			isa = PBXFrameworksBuildPhase;
			buildActionMask = 2147483647;
			files = (
				85C74BD7E7ECAAA3D7B195E1 /* Pods_CLFoundationExample.framework in Frameworks */,
			);
			runOnlyForDeploymentPostprocessing = 0;
		};
/* End PBXFrameworksBuildPhase section */

/* Begin PBXGroup section */
		A48D73A62034477E00378353 /* EXDate */ = {
			isa = PBXGroup;
			children = (
				A48D73A72034478B00378353 /* EXDateController.h */,
				A48D73A82034478B00378353 /* EXDateController.m */,
			);
			path = EXDate;
			sourceTree = "<group>";
		};
		A48D73AA2034544C00378353 /* CLFoundation */ = {
			isa = PBXGroup;
			children = (
				A48D73BE2034544C00378353 /* CLFoundation.h */,
				BF84D60C20897A7F0061D29F /* CLSpeechSynthesizer */,
			);
			name = CLFoundation;
			path = ../../CLFoundation;
			sourceTree = "<group>";
		};
		A48D73DA2035560B00378353 /* EXDictionary */ = {
			isa = PBXGroup;
			children = (
				A48D73DB2035561B00378353 /* EXDictionaryController.h */,
				A48D73DC2035561B00378353 /* EXDictionaryController.m */,
			);
			path = EXDictionary;
			sourceTree = "<group>";
		};
		A48D73DE2035AD2500378353 /* EXString */ = {
			isa = PBXGroup;
			children = (
				A48D73DF2035AD3B00378353 /* EXStringController.h */,
				A48D73E02035AD3B00378353 /* EXStringController.m */,
			);
			path = EXString;
			sourceTree = "<group>";
		};
		A48D73E22035B2A200378353 /* EXURL */ = {
			isa = PBXGroup;
			children = (
				A48D73E32035B2AE00378353 /* EXURLController.h */,
				A48D73E42035B2AE00378353 /* EXURLController.m */,
			);
			path = EXURL;
			sourceTree = "<group>";
		};
		A497E093E1144E8CED93D686 /* Frameworks */ = {
			isa = PBXGroup;
			children = (
				8CCCB4B4B5D99FC7A6BBD8E1 /* Pods_CLFoundationExample.framework */,
			);
			name = Frameworks;
			sourceTree = "<group>";
		};
		A4A6C32E203EDCA7001EF8FD /* EXTimer */ = {
			isa = PBXGroup;
			children = (
				A4A6C32F203EDF53001EF8FD /* EXTimerController.h */,
				A4A6C330203EDF53001EF8FD /* EXTimerController.m */,
			);
			path = EXTimer;
			sourceTree = "<group>";
		};
		A4A8A40A2040730200FA9EC5 /* EXObject */ = {
			isa = PBXGroup;
			children = (
				A4A8A40B2040731700FA9EC5 /* EXObjectController.h */,
				A4A8A40C2040731700FA9EC5 /* EXObjectController.m */,
			);
			path = EXObject;
			sourceTree = "<group>";
		};
		A4A8A4122042930800FA9EC5 /* EXNumber */ = {
			isa = PBXGroup;
			children = (
				A4A8A4132042931900FA9EC5 /* EXNumberController.h */,
				A4A8A4142042931900FA9EC5 /* EXNumberController.m */,
			);
			path = EXNumber;
			sourceTree = "<group>";
		};
		A4ACC4902034103600E756D1 = {
			isa = PBXGroup;
			children = (
				A4ACC49B2034103600E756D1 /* CLFoundationExample */,
				A4ACC49A2034103600E756D1 /* Products */,
				DCE8D1436616542F3B34396A /* Pods */,
				A497E093E1144E8CED93D686 /* Frameworks */,
			);
			sourceTree = "<group>";
		};
		A4ACC49A2034103600E756D1 /* Products */ = {
			isa = PBXGroup;
			children = (
				A4ACC4992034103600E756D1 /* CLFoundationExample.app */,
			);
			name = Products;
			sourceTree = "<group>";
		};
		A4ACC49B2034103600E756D1 /* CLFoundationExample */ = {
			isa = PBXGroup;
			children = (
				A4ACC4E22034106000E756D1 /* AppDelegate */,
				A4ACC4F720342A8300E756D1 /* Base */,
				A48D73AA2034544C00378353 /* CLFoundation */,
				BFAE1C4A20BFC2B1002B6230 /* CLFoundation+Category */,
				A4ACC4E82034150B00E756D1 /* Module */,
				A4ACC4E32034107600E756D1 /* Resource */,
			);
			path = CLFoundationExample;
			sourceTree = "<group>";
		};
		A4ACC4E22034106000E756D1 /* AppDelegate */ = {
			isa = PBXGroup;
			children = (
				A4ACC49C2034103600E756D1 /* AppDelegate.h */,
				A4ACC49D2034103600E756D1 /* AppDelegate.m */,
			);
			path = AppDelegate;
			sourceTree = "<group>";
		};
		A4ACC4E32034107600E756D1 /* Resource */ = {
			isa = PBXGroup;
			children = (
				A4BA313B204CCD95002E0ED7 /* CLFoundationExample.bundle */,
				A4ACC4A52034103600E756D1 /* Assets.xcassets */,
				A4ACC4E92034152600E756D1 /* CLFoundationExample-PrefixHeader.pch */,
				A4ACC4AA2034103600E756D1 /* Info.plist */,
				A4ACC4A72034103600E756D1 /* LaunchScreen.storyboard */,
				A4ACC4AB2034103600E756D1 /* main.m */,
			);
			path = Resource;
			sourceTree = "<group>";
		};
		A4ACC4E82034150B00E756D1 /* Module */ = {
			isa = PBXGroup;
			children = (
				A4ACC4EB2034198B00E756D1 /* EXArray */,
				A4ACC4EF203420CE00E756D1 /* EXAttributeString */,
				A4ACC4F32034264600E756D1 /* EXBundle */,
				A4ACC4FB20342BFF00E756D1 /* EXData */,
				A48D73A62034477E00378353 /* EXDate */,
				A48D73DA2035560B00378353 /* EXDictionary */,
				A4BA3134204B9FF1002E0ED7 /* EXFileManager */,
				BF47C02B208D841F00FD5C78 /* EXNotificationCenter */,
				A4A8A4122042930800FA9EC5 /* EXNumber */,
				A4A8A40A2040730200FA9EC5 /* EXObject */,
				A4ACC4EA203416AA00E756D1 /* EXRoot */,
				BF84D61020897C580061D29F /* EXSpeech */,
				A48D73DE2035AD2500378353 /* EXString */,
				A4A6C32E203EDCA7001EF8FD /* EXTimer */,
				A48D73E22035B2A200378353 /* EXURL */,
			);
			path = Module;
			sourceTree = "<group>";
		};
		A4ACC4EA203416AA00E756D1 /* EXRoot */ = {
			isa = PBXGroup;
			children = (
				A4ACC4E52034129100E756D1 /* EXRootController.h */,
				A4ACC4E62034129100E756D1 /* EXRootController.m */,
			);
			path = EXRoot;
			sourceTree = "<group>";
		};
		A4ACC4EB2034198B00E756D1 /* EXArray */ = {
			isa = PBXGroup;
			children = (
				A4ACC4EC203419A200E756D1 /* EXArrayController.h */,
				A4ACC4ED203419A200E756D1 /* EXArrayController.m */,
			);
			path = EXArray;
			sourceTree = "<group>";
		};
		A4ACC4EF203420CE00E756D1 /* EXAttributeString */ = {
			isa = PBXGroup;
			children = (
				A4ACC4F02034212400E756D1 /* EXAttributeStringController.h */,
				A4ACC4F12034212400E756D1 /* EXAttributeStringController.m */,
			);
			path = EXAttributeString;
			sourceTree = "<group>";
		};
		A4ACC4F32034264600E756D1 /* EXBundle */ = {
			isa = PBXGroup;
			children = (
				A4ACC4F42034265700E756D1 /* EXBundleController.h */,
				A4ACC4F52034265700E756D1 /* EXBundleController.m */,
			);
			path = EXBundle;
			sourceTree = "<group>";
		};
		A4ACC4F720342A8300E756D1 /* Base */ = {
			isa = PBXGroup;
			children = (
				A4ACC4F820342A8E00E756D1 /* EXBaseViewController.h */,
				A4ACC4F920342A8E00E756D1 /* EXBaseViewController.m */,
			);
			path = Base;
			sourceTree = "<group>";
		};
		A4ACC4FB20342BFF00E756D1 /* EXData */ = {
			isa = PBXGroup;
			children = (
				A4ACC4FC20342C0E00E756D1 /* EXDataController.h */,
				A4ACC4FD20342C0E00E756D1 /* EXDataController.m */,
			);
			path = EXData;
			sourceTree = "<group>";
		};
		A4BA3134204B9FF1002E0ED7 /* EXFileManager */ = {
			isa = PBXGroup;
			children = (
				A4BA3135204BA00F002E0ED7 /* EXFileManagerController.h */,
				A4BA3136204BA00F002E0ED7 /* EXFileManagerController.m */,
			);
			path = EXFileManager;
			sourceTree = "<group>";
		};
		BF47C02B208D841F00FD5C78 /* EXNotificationCenter */ = {
			isa = PBXGroup;
			children = (
				BF47C02C208D849F00FD5C78 /* EXNotificationCenterController.h */,
				BF47C02D208D849F00FD5C78 /* EXNotificationCenterController.m */,
			);
			path = EXNotificationCenter;
			sourceTree = "<group>";
		};
		BF84D60C20897A7F0061D29F /* CLSpeechSynthesizer */ = {
			isa = PBXGroup;
			children = (
				BF84D60D20897A890061D29F /* CLSpeechSynthesizer.h */,
				BF84D60E20897A890061D29F /* CLSpeechSynthesizer.m */,
			);
			path = CLSpeechSynthesizer;
			sourceTree = "<group>";
		};
		BF84D61020897C580061D29F /* EXSpeech */ = {
			isa = PBXGroup;
			children = (
				BF84D61120897C770061D29F /* EXSpeechController.h */,
				BF84D61220897C770061D29F /* EXSpeechController.m */,
			);
			path = EXSpeech;
			sourceTree = "<group>";
		};
		BFAE1C4A20BFC2B1002B6230 /* CLFoundation+Category */ = {
			isa = PBXGroup;
			children = (
				BFAE1C6C20BFC2B1002B6230 /* NSArray+CLArray */,
				BFAE1C5120BFC2B1002B6230 /* NSAttributedString+CLAttributedString */,
				BFAE1C5D20BFC2B1002B6230 /* NSBundle+CLBundle */,
				BFAE1C7520BFC2B1002B6230 /* NSData+CLData */,
				BFAE1C5A20BFC2B1002B6230 /* NSDate+CLDate */,
				BFAE1C7820BFC2B1002B6230 /* NSDictionary+CLDictionary */,
				BFAE1C5420BFC2B1002B6230 /* NSFileManager+CLFileManager */,
				BFAE1C6320BFC2B1002B6230 /* NSMutableArray+CLMutableArray */,
				BFAE1C6620BFC2B1002B6230 /* NSMutableAttributedString+CLMutableAttributedString */,
				BFAE1C7220BFC2B1002B6230 /* NSMutableDictionary+CLMutableDictionary */,
				BFAE1C4E20BFC2B1002B6230 /* NSNotificationCenter+CLNotificationCenter */,
				BFAE1C6F20BFC2B1002B6230 /* NSNumber+CLNumber */,
				BFAE1C4B20BFC2B1002B6230 /* NSObject+CLObject */,
				BFAE1C6920BFC2B1002B6230 /* NSString+CLString */,
				BFAE1C5720BFC2B1002B6230 /* NSTimer+CLTimer */,
				BFAE1C6020BFC2B1002B6230 /* NSURL+CLURL */,
			);
			name = "CLFoundation+Category";
			path = "../../CLFoundation+Category";
			sourceTree = "<group>";
		};
		BFAE1C4B20BFC2B1002B6230 /* NSObject+CLObject */ = {
			isa = PBXGroup;
			children = (
				BFAE1C4C20BFC2B1002B6230 /* NSObject+CLObject.h */,
				BFAE1C4D20BFC2B1002B6230 /* NSObject+CLObject.m */,
			);
			path = "NSObject+CLObject";
			sourceTree = "<group>";
		};
		BFAE1C4E20BFC2B1002B6230 /* NSNotificationCenter+CLNotificationCenter */ = {
			isa = PBXGroup;
			children = (
				BFAE1C4F20BFC2B1002B6230 /* NSNotificationCenter+CLNotificationCenter.h */,
				BFAE1C5020BFC2B1002B6230 /* NSNotificationCenter+CLNotificationCenter.m */,
			);
			path = "NSNotificationCenter+CLNotificationCenter";
			sourceTree = "<group>";
		};
		BFAE1C5120BFC2B1002B6230 /* NSAttributedString+CLAttributedString */ = {
			isa = PBXGroup;
			children = (
				BFAE1C5320BFC2B1002B6230 /* NSAttributedString+CLAttributedString.h */,
				BFAE1C5220BFC2B1002B6230 /* NSAttributedString+CLAttributedString.m */,
			);
			path = "NSAttributedString+CLAttributedString";
			sourceTree = "<group>";
		};
		BFAE1C5420BFC2B1002B6230 /* NSFileManager+CLFileManager */ = {
			isa = PBXGroup;
			children = (
				BFAE1C5520BFC2B1002B6230 /* NSFileManager+CLFileManager.h */,
				BFAE1C5620BFC2B1002B6230 /* NSFileManager+CLFileManager.m */,
			);
			path = "NSFileManager+CLFileManager";
			sourceTree = "<group>";
		};
		BFAE1C5720BFC2B1002B6230 /* NSTimer+CLTimer */ = {
			isa = PBXGroup;
			children = (
				BFAE1C5820BFC2B1002B6230 /* NSTimer+CLTimer.h */,
				BFAE1C5920BFC2B1002B6230 /* NSTimer+CLTimer.m */,
			);
			path = "NSTimer+CLTimer";
			sourceTree = "<group>";
		};
		BFAE1C5A20BFC2B1002B6230 /* NSDate+CLDate */ = {
			isa = PBXGroup;
			children = (
				BFAE1C5B20BFC2B1002B6230 /* NSDate+CLDate.h */,
				BFAE1C5C20BFC2B1002B6230 /* NSDate+CLDate.m */,
			);
			path = "NSDate+CLDate";
			sourceTree = "<group>";
		};
		BFAE1C5D20BFC2B1002B6230 /* NSBundle+CLBundle */ = {
			isa = PBXGroup;
			children = (
				BFAE1C5F20BFC2B1002B6230 /* NSBundle+CLBundle.h */,
				BFAE1C5E20BFC2B1002B6230 /* NSBundle+CLBundle.m */,
			);
			path = "NSBundle+CLBundle";
			sourceTree = "<group>";
		};
		BFAE1C6020BFC2B1002B6230 /* NSURL+CLURL */ = {
			isa = PBXGroup;
			children = (
				BFAE1C6220BFC2B1002B6230 /* NSURL+CLURL.h */,
				BFAE1C6120BFC2B1002B6230 /* NSURL+CLURL.m */,
			);
			path = "NSURL+CLURL";
			sourceTree = "<group>";
		};
		BFAE1C6320BFC2B1002B6230 /* NSMutableArray+CLMutableArray */ = {
			isa = PBXGroup;
			children = (
				BFAE1C6420BFC2B1002B6230 /* NSMutableArray+CLMutableArray.h */,
				BFAE1C6520BFC2B1002B6230 /* NSMutableArray+CLMutableArray.m */,
			);
			path = "NSMutableArray+CLMutableArray";
			sourceTree = "<group>";
		};
		BFAE1C6620BFC2B1002B6230 /* NSMutableAttributedString+CLMutableAttributedString */ = {
			isa = PBXGroup;
			children = (
				BFAE1C6720BFC2B1002B6230 /* NSMutableAttributedString+CLMutableAttributedString.h */,
				BFAE1C6820BFC2B1002B6230 /* NSMutableAttributedString+CLMutableAttributedString.m */,
			);
			path = "NSMutableAttributedString+CLMutableAttributedString";
			sourceTree = "<group>";
		};
		BFAE1C6920BFC2B1002B6230 /* NSString+CLString */ = {
			isa = PBXGroup;
			children = (
				BFAE1C6A20BFC2B1002B6230 /* NSString+CLString.h */,
				BFAE1C6B20BFC2B1002B6230 /* NSString+CLString.m */,
			);
			path = "NSString+CLString";
			sourceTree = "<group>";
		};
		BFAE1C6C20BFC2B1002B6230 /* NSArray+CLArray */ = {
			isa = PBXGroup;
			children = (
				BFAE1C6D20BFC2B1002B6230 /* NSArray+CLArray.h */,
				BFAE1C6E20BFC2B1002B6230 /* NSArray+CLArray.m */,
			);
			path = "NSArray+CLArray";
			sourceTree = "<group>";
		};
		BFAE1C6F20BFC2B1002B6230 /* NSNumber+CLNumber */ = {
			isa = PBXGroup;
			children = (
				BFAE1C7020BFC2B1002B6230 /* NSNumber+CLNumber.h */,
				BFAE1C7120BFC2B1002B6230 /* NSNumber+CLNumber.m */,
			);
			path = "NSNumber+CLNumber";
			sourceTree = "<group>";
		};
		BFAE1C7220BFC2B1002B6230 /* NSMutableDictionary+CLMutableDictionary */ = {
			isa = PBXGroup;
			children = (
				BFAE1C7420BFC2B1002B6230 /* NSMutableDictionary+CLMutableDictionary.h */,
				BFAE1C7320BFC2B1002B6230 /* NSMutableDictionary+CLMutableDictionary.m */,
			);
			path = "NSMutableDictionary+CLMutableDictionary";
			sourceTree = "<group>";
		};
		BFAE1C7520BFC2B1002B6230 /* NSData+CLData */ = {
			isa = PBXGroup;
			children = (
				BFAE1C7720BFC2B1002B6230 /* NSData+CLData.h */,
				BFAE1C7620BFC2B1002B6230 /* NSData+CLData.m */,
			);
			path = "NSData+CLData";
			sourceTree = "<group>";
		};
		BFAE1C7820BFC2B1002B6230 /* NSDictionary+CLDictionary */ = {
			isa = PBXGroup;
			children = (
				BFAE1C7920BFC2B1002B6230 /* NSDictionary+CLDictionary.h */,
				BFAE1C7A20BFC2B1002B6230 /* NSDictionary+CLDictionary.m */,
			);
			path = "NSDictionary+CLDictionary";
			sourceTree = "<group>";
		};
		DCE8D1436616542F3B34396A /* Pods */ = {
			isa = PBXGroup;
			children = (
				70FF2BFBA5CE3B890BBD4BFC /* Pods-CLFoundationExample.debug.xcconfig */,
				D8AFC4BF0E762F1B9F28A338 /* Pods-CLFoundationExample.release.xcconfig */,
			);
			name = Pods;
			sourceTree = "<group>";
		};
/* End PBXGroup section */

/* Begin PBXNativeTarget section */
		A4ACC4982034103600E756D1 /* CLFoundationExample */ = {
			isa = PBXNativeTarget;
			buildConfigurationList = A4ACC4AF2034103600E756D1 /* Build configuration list for PBXNativeTarget "CLFoundationExample" */;
			buildPhases = (
				C79681A92F9386EE0B76B067 /* [CP] Check Pods Manifest.lock */,
				A4ACC4952034103600E756D1 /* Sources */,
				A4ACC4962034103600E756D1 /* Frameworks */,
				A4ACC4972034103600E756D1 /* Resources */,
				38F9E4E503D78E0820FA67CC /* [CP] Embed Pods Frameworks */,
			);
			buildRules = (
			);
			dependencies = (
			);
			name = CLFoundationExample;
			productName = CLFoundationExample;
			productReference = A4ACC4992034103600E756D1 /* CLFoundationExample.app */;
			productType = "com.apple.product-type.application";
		};
/* End PBXNativeTarget section */

/* Begin PBXProject section */
		A4ACC4912034103600E756D1 /* Project object */ = {
			isa = PBXProject;
			attributes = {
				LastUpgradeCheck = 0930;
				ORGANIZATIONNAME = "Cain Luo";
				TargetAttributes = {
					A4ACC4982034103600E756D1 = {
						CreatedOnToolsVersion = 9.2;
						ProvisioningStyle = Automatic;
					};
				};
			};
			buildConfigurationList = A4ACC4942034103600E756D1 /* Build configuration list for PBXProject "CLFoundationExample" */;
			compatibilityVersion = "Xcode 8.0";
			developmentRegion = en;
			hasScannedForEncodings = 0;
			knownRegions = (
				en,
				Base,
			);
			mainGroup = A4ACC4902034103600E756D1;
			productRefGroup = A4ACC49A2034103600E756D1 /* Products */;
			projectDirPath = "";
			projectRoot = "";
			targets = (
				A4ACC4982034103600E756D1 /* CLFoundationExample */,
			);
		};
/* End PBXProject section */

/* Begin PBXResourcesBuildPhase section */
		A4ACC4972034103600E756D1 /* Resources */ = {
			isa = PBXResourcesBuildPhase;
			buildActionMask = 2147483647;
			files = (
				A4ACC4A92034103600E756D1 /* LaunchScreen.storyboard in Resources */,
				A4ACC4A62034103600E756D1 /* Assets.xcassets in Resources */,
				A4BA313C204CCD95002E0ED7 /* CLFoundationExample.bundle in Resources */,
			);
			runOnlyForDeploymentPostprocessing = 0;
		};
/* End PBXResourcesBuildPhase section */

/* Begin PBXShellScriptBuildPhase section */
		38F9E4E503D78E0820FA67CC /* [CP] Embed Pods Frameworks */ = {
			isa = PBXShellScriptBuildPhase;
			buildActionMask = 2147483647;
			files = (
			);
			inputPaths = (
				"${SRCROOT}/Pods/Target Support Files/Pods-CLFoundationExample/Pods-CLFoundationExample-frameworks.sh",
				"${BUILT_PRODUCTS_DIR}/CLFoundation/CLFoundation.framework",
				"${BUILT_PRODUCTS_DIR}/CLUIKit/CLUIKit.framework",
				"${BUILT_PRODUCTS_DIR}/MJRefresh/MJRefresh.framework",
				"${BUILT_PRODUCTS_DIR}/Masonry/Masonry.framework",
			);
			name = "[CP] Embed Pods Frameworks";
			outputPaths = (
				"${TARGET_BUILD_DIR}/${FRAMEWORKS_FOLDER_PATH}/CLFoundation.framework",
				"${TARGET_BUILD_DIR}/${FRAMEWORKS_FOLDER_PATH}/CLUIKit.framework",
				"${TARGET_BUILD_DIR}/${FRAMEWORKS_FOLDER_PATH}/MJRefresh.framework",
				"${TARGET_BUILD_DIR}/${FRAMEWORKS_FOLDER_PATH}/Masonry.framework",
			);
			runOnlyForDeploymentPostprocessing = 0;
			shellPath = /bin/sh;
			shellScript = "\"${SRCROOT}/Pods/Target Support Files/Pods-CLFoundationExample/Pods-CLFoundationExample-frameworks.sh\"\n";
			showEnvVarsInLog = 0;
		};
		C79681A92F9386EE0B76B067 /* [CP] Check Pods Manifest.lock */ = {
			isa = PBXShellScriptBuildPhase;
			buildActionMask = 2147483647;
			files = (
			);
			inputPaths = (
				"${PODS_PODFILE_DIR_PATH}/Podfile.lock",
				"${PODS_ROOT}/Manifest.lock",
			);
			name = "[CP] Check Pods Manifest.lock";
			outputPaths = (
				"$(DERIVED_FILE_DIR)/Pods-CLFoundationExample-checkManifestLockResult.txt",
			);
			runOnlyForDeploymentPostprocessing = 0;
			shellPath = /bin/sh;
			shellScript = "diff \"${PODS_PODFILE_DIR_PATH}/Podfile.lock\" \"${PODS_ROOT}/Manifest.lock\" > /dev/null\nif [ $? != 0 ] ; then\n    # print error to STDERR\n    echo \"error: The sandbox is not in sync with the Podfile.lock. Run 'pod install' or update your CocoaPods installation.\" >&2\n    exit 1\nfi\n# This output is used by Xcode 'outputs' to avoid re-running this script phase.\necho \"SUCCESS\" > \"${SCRIPT_OUTPUT_FILE_0}\"\n";
			showEnvVarsInLog = 0;
		};
/* End PBXShellScriptBuildPhase section */

/* Begin PBXSourcesBuildPhase section */
		A4ACC4952034103600E756D1 /* Sources */ = {
			isa = PBXSourcesBuildPhase;
			buildActionMask = 2147483647;
			files = (
				A4A6C331203EDF53001EF8FD /* EXTimerController.m in Sources */,
				BFAE1C8920BFC2B1002B6230 /* NSData+CLData.m in Sources */,
				A4ACC4F62034265700E756D1 /* EXBundleController.m in Sources */,
				A48D73E12035AD3B00378353 /* EXStringController.m in Sources */,
				A48D73E52035B2AE00378353 /* EXURLController.m in Sources */,
				BFAE1C8420BFC2B1002B6230 /* NSMutableAttributedString+CLMutableAttributedString.m in Sources */,
				A4A8A40D2040731700FA9EC5 /* EXObjectController.m in Sources */,
				A4ACC4FA20342A8E00E756D1 /* EXBaseViewController.m in Sources */,
				A4ACC4E72034129100E756D1 /* EXRootController.m in Sources */,
				A4ACC4F22034212400E756D1 /* EXAttributeStringController.m in Sources */,
				BFAE1C7E20BFC2B1002B6230 /* NSFileManager+CLFileManager.m in Sources */,
				BFAE1C8120BFC2B1002B6230 /* NSBundle+CLBundle.m in Sources */,
				BFAE1C7F20BFC2B1002B6230 /* NSTimer+CLTimer.m in Sources */,
				A48D73DD2035561B00378353 /* EXDictionaryController.m in Sources */,
				BF84D61320897C770061D29F /* EXSpeechController.m in Sources */,
				A4BA3137204BA00F002E0ED7 /* EXFileManagerController.m in Sources */,
				BFAE1C8820BFC2B1002B6230 /* NSMutableDictionary+CLMutableDictionary.m in Sources */,
				BFAE1C8520BFC2B1002B6230 /* NSString+CLString.m in Sources */,
				A4ACC4AC2034103600E756D1 /* main.m in Sources */,
				BFAE1C8620BFC2B1002B6230 /* NSArray+CLArray.m in Sources */,
				A4ACC49E2034103600E756D1 /* AppDelegate.m in Sources */,
				BF47C02E208D849F00FD5C78 /* EXNotificationCenterController.m in Sources */,
				A4ACC4EE203419A200E756D1 /* EXArrayController.m in Sources */,
				BFAE1C7C20BFC2B1002B6230 /* NSNotificationCenter+CLNotificationCenter.m in Sources */,
				BFAE1C8A20BFC2B1002B6230 /* NSDictionary+CLDictionary.m in Sources */,
				BFAE1C7B20BFC2B1002B6230 /* NSObject+CLObject.m in Sources */,
				BFAE1C7D20BFC2B1002B6230 /* NSAttributedString+CLAttributedString.m in Sources */,
				A4ACC4FE20342C0E00E756D1 /* EXDataController.m in Sources */,
				BFAE1C8220BFC2B1002B6230 /* NSURL+CLURL.m in Sources */,
				BFAE1C8320BFC2B1002B6230 /* NSMutableArray+CLMutableArray.m in Sources */,
				BFAE1C8720BFC2B1002B6230 /* NSNumber+CLNumber.m in Sources */,
				BFAE1C8020BFC2B1002B6230 /* NSDate+CLDate.m in Sources */,
				A4A8A4152042931900FA9EC5 /* EXNumberController.m in Sources */,
				BF84D60F20897A890061D29F /* CLSpeechSynthesizer.m in Sources */,
				A48D73A92034478B00378353 /* EXDateController.m in Sources */,
			);
			runOnlyForDeploymentPostprocessing = 0;
		};
/* End PBXSourcesBuildPhase section */

/* Begin PBXVariantGroup section */
		A4ACC4A72034103600E756D1 /* LaunchScreen.storyboard */ = {
			isa = PBXVariantGroup;
			children = (
				A4ACC4A82034103600E756D1 /* Base */,
			);
			name = LaunchScreen.storyboard;
			sourceTree = "<group>";
		};
/* End PBXVariantGroup section */

/* Begin XCBuildConfiguration section */
		A4ACC4AD2034103600E756D1 /* Debug */ = {
			isa = XCBuildConfiguration;
			buildSettings = {
				ALWAYS_SEARCH_USER_PATHS = NO;
				CLANG_ANALYZER_NONNULL = YES;
				CLANG_ANALYZER_NUMBER_OBJECT_CONVERSION = YES_AGGRESSIVE;
				CLANG_CXX_LANGUAGE_STANDARD = "gnu++14";
				CLANG_CXX_LIBRARY = "libc++";
				CLANG_ENABLE_MODULES = YES;
				CLANG_ENABLE_OBJC_ARC = YES;
				CLANG_WARN_BLOCK_CAPTURE_AUTORELEASING = YES;
				CLANG_WARN_BOOL_CONVERSION = YES;
				CLANG_WARN_COMMA = YES;
				CLANG_WARN_CONSTANT_CONVERSION = YES;
				CLANG_WARN_DEPRECATED_OBJC_IMPLEMENTATIONS = YES;
				CLANG_WARN_DIRECT_OBJC_ISA_USAGE = YES_ERROR;
				CLANG_WARN_DOCUMENTATION_COMMENTS = YES;
				CLANG_WARN_EMPTY_BODY = YES;
				CLANG_WARN_ENUM_CONVERSION = YES;
				CLANG_WARN_INFINITE_RECURSION = YES;
				CLANG_WARN_INT_CONVERSION = YES;
				CLANG_WARN_NON_LITERAL_NULL_CONVERSION = YES;
				CLANG_WARN_OBJC_IMPLICIT_RETAIN_SELF = YES;
				CLANG_WARN_OBJC_LITERAL_CONVERSION = YES;
				CLANG_WARN_OBJC_ROOT_CLASS = YES_ERROR;
				CLANG_WARN_RANGE_LOOP_ANALYSIS = YES;
				CLANG_WARN_STRICT_PROTOTYPES = YES;
				CLANG_WARN_SUSPICIOUS_MOVE = YES;
				CLANG_WARN_UNGUARDED_AVAILABILITY = YES_AGGRESSIVE;
				CLANG_WARN_UNREACHABLE_CODE = YES;
				CLANG_WARN__DUPLICATE_METHOD_MATCH = YES;
				CODE_SIGN_IDENTITY = "iPhone Developer";
				COPY_PHASE_STRIP = NO;
				DEBUG_INFORMATION_FORMAT = dwarf;
				ENABLE_STRICT_OBJC_MSGSEND = YES;
				ENABLE_TESTABILITY = YES;
				GCC_C_LANGUAGE_STANDARD = gnu11;
				GCC_DYNAMIC_NO_PIC = NO;
				GCC_NO_COMMON_BLOCKS = YES;
				GCC_OPTIMIZATION_LEVEL = 0;
				GCC_PREPROCESSOR_DEFINITIONS = (
					"DEBUG=1",
					"$(inherited)",
				);
				GCC_WARN_64_TO_32_BIT_CONVERSION = YES;
				GCC_WARN_ABOUT_RETURN_TYPE = YES_ERROR;
				GCC_WARN_UNDECLARED_SELECTOR = YES;
				GCC_WARN_UNINITIALIZED_AUTOS = YES_AGGRESSIVE;
				GCC_WARN_UNUSED_FUNCTION = YES;
				GCC_WARN_UNUSED_VARIABLE = YES;
				IPHONEOS_DEPLOYMENT_TARGET = 11.2;
				MTL_ENABLE_DEBUG_INFO = YES;
				ONLY_ACTIVE_ARCH = YES;
				SDKROOT = iphoneos;
			};
			name = Debug;
		};
		A4ACC4AE2034103600E756D1 /* Release */ = {
			isa = XCBuildConfiguration;
			buildSettings = {
				ALWAYS_SEARCH_USER_PATHS = NO;
				CLANG_ANALYZER_NONNULL = YES;
				CLANG_ANALYZER_NUMBER_OBJECT_CONVERSION = YES_AGGRESSIVE;
				CLANG_CXX_LANGUAGE_STANDARD = "gnu++14";
				CLANG_CXX_LIBRARY = "libc++";
				CLANG_ENABLE_MODULES = YES;
				CLANG_ENABLE_OBJC_ARC = YES;
				CLANG_WARN_BLOCK_CAPTURE_AUTORELEASING = YES;
				CLANG_WARN_BOOL_CONVERSION = YES;
				CLANG_WARN_COMMA = YES;
				CLANG_WARN_CONSTANT_CONVERSION = YES;
				CLANG_WARN_DEPRECATED_OBJC_IMPLEMENTATIONS = YES;
				CLANG_WARN_DIRECT_OBJC_ISA_USAGE = YES_ERROR;
				CLANG_WARN_DOCUMENTATION_COMMENTS = YES;
				CLANG_WARN_EMPTY_BODY = YES;
				CLANG_WARN_ENUM_CONVERSION = YES;
				CLANG_WARN_INFINITE_RECURSION = YES;
				CLANG_WARN_INT_CONVERSION = YES;
				CLANG_WARN_NON_LITERAL_NULL_CONVERSION = YES;
				CLANG_WARN_OBJC_IMPLICIT_RETAIN_SELF = YES;
				CLANG_WARN_OBJC_LITERAL_CONVERSION = YES;
				CLANG_WARN_OBJC_ROOT_CLASS = YES_ERROR;
				CLANG_WARN_RANGE_LOOP_ANALYSIS = YES;
				CLANG_WARN_STRICT_PROTOTYPES = YES;
				CLANG_WARN_SUSPICIOUS_MOVE = YES;
				CLANG_WARN_UNGUARDED_AVAILABILITY = YES_AGGRESSIVE;
				CLANG_WARN_UNREACHABLE_CODE = YES;
				CLANG_WARN__DUPLICATE_METHOD_MATCH = YES;
				CODE_SIGN_IDENTITY = "iPhone Developer";
				COPY_PHASE_STRIP = NO;
				DEBUG_INFORMATION_FORMAT = "dwarf-with-dsym";
				ENABLE_NS_ASSERTIONS = NO;
				ENABLE_STRICT_OBJC_MSGSEND = YES;
				GCC_C_LANGUAGE_STANDARD = gnu11;
				GCC_NO_COMMON_BLOCKS = YES;
				GCC_WARN_64_TO_32_BIT_CONVERSION = YES;
				GCC_WARN_ABOUT_RETURN_TYPE = YES_ERROR;
				GCC_WARN_UNDECLARED_SELECTOR = YES;
				GCC_WARN_UNINITIALIZED_AUTOS = YES_AGGRESSIVE;
				GCC_WARN_UNUSED_FUNCTION = YES;
				GCC_WARN_UNUSED_VARIABLE = YES;
				IPHONEOS_DEPLOYMENT_TARGET = 11.2;
				MTL_ENABLE_DEBUG_INFO = NO;
				SDKROOT = iphoneos;
				VALIDATE_PRODUCT = YES;
			};
			name = Release;
		};
		A4ACC4B02034103600E756D1 /* Debug */ = {
			isa = XCBuildConfiguration;
			baseConfigurationReference = 70FF2BFBA5CE3B890BBD4BFC /* Pods-CLFoundationExample.debug.xcconfig */;
			buildSettings = {
				ASSETCATALOG_COMPILER_APPICON_NAME = AppIcon;
				ASSETCATALOG_COMPILER_LAUNCHIMAGE_NAME = LaunchImage;
				CODE_SIGN_STYLE = Automatic;
				DEVELOPMENT_TEAM = J26ST3TDCL;
				GCC_PREFIX_HEADER = "$(SRCROOT)/$(PRODUCT_NAME)/Resource/CLFoundationExample-PrefixHeader.pch";
				INFOPLIST_FILE = "$(SRCROOT)/CLFoundationExample/Resource/Info.plist";
				IPHONEOS_DEPLOYMENT_TARGET = 8.0;
				LD_RUNPATH_SEARCH_PATHS = "$(inherited) @executable_path/Frameworks";
				PRODUCT_BUNDLE_IDENTIFIER = com.CainLuo.CLFoundationExamples;
				PRODUCT_NAME = "$(TARGET_NAME)";
				TARGETED_DEVICE_FAMILY = "1,2";
			};
			name = Debug;
		};
		A4ACC4B12034103600E756D1 /* Release */ = {
			isa = XCBuildConfiguration;
			baseConfigurationReference = D8AFC4BF0E762F1B9F28A338 /* Pods-CLFoundationExample.release.xcconfig */;
			buildSettings = {
				ASSETCATALOG_COMPILER_APPICON_NAME = AppIcon;
				ASSETCATALOG_COMPILER_LAUNCHIMAGE_NAME = LaunchImage;
				CODE_SIGN_STYLE = Automatic;
				DEVELOPMENT_TEAM = J26ST3TDCL;
				GCC_PREFIX_HEADER = "$(SRCROOT)/$(PRODUCT_NAME)/Resource/CLFoundationExample-PrefixHeader.pch";
				INFOPLIST_FILE = "$(SRCROOT)/CLFoundationExample/Resource/Info.plist";
				IPHONEOS_DEPLOYMENT_TARGET = 8.0;
				LD_RUNPATH_SEARCH_PATHS = "$(inherited) @executable_path/Frameworks";
				PRODUCT_BUNDLE_IDENTIFIER = com.CainLuo.CLFoundationExamples;
				PRODUCT_NAME = "$(TARGET_NAME)";
				TARGETED_DEVICE_FAMILY = "1,2";
			};
			name = Release;
		};
/* End XCBuildConfiguration section */

/* Begin XCConfigurationList section */
		A4ACC4942034103600E756D1 /* Build configuration list for PBXProject "CLFoundationExample" */ = {
			isa = XCConfigurationList;
			buildConfigurations = (
				A4ACC4AD2034103600E756D1 /* Debug */,
				A4ACC4AE2034103600E756D1 /* Release */,
			);
			defaultConfigurationIsVisible = 0;
			defaultConfigurationName = Release;
		};
		A4ACC4AF2034103600E756D1 /* Build configuration list for PBXNativeTarget "CLFoundationExample" */ = {
			isa = XCConfigurationList;
			buildConfigurations = (
				A4ACC4B02034103600E756D1 /* Debug */,
				A4ACC4B12034103600E756D1 /* Release */,
			);
			defaultConfigurationIsVisible = 0;
			defaultConfigurationName = Release;
		};
/* End XCConfigurationList section */
	};
	rootObject = A4ACC4912034103600E756D1 /* Project object */;
}
