// !$*UTF8*$!
{
	archiveVersion = 1;
	classes = {
	};
	objectVersion = 48;
	objects = {

/* Begin PBXBuildFile section */
		A49A2DA0201F6A0A004782F7 /* CLFoundation.h in Headers */ = {isa = PBXBuildFile; fileRef = A49A2D9E201F6A0A004782F7 /* CLFoundation.h */; settings = {ATTRIBUTES = (Public, ); }; };
		A49A2DD1201F6A74004782F7 /* NSMutableDictionary+CLMutableDictionary.h in Headers */ = {isa = PBXBuildFile; fileRef = A49A2DAB201F6A72004782F7 /* NSMutableDictionary+CLMutableDictionary.h */; settings = {ATTRIBUTES = (Public, ); }; };
		A49A2DD2201F6A74004782F7 /* NSMutableDictionary+CLMutableDictionary.m in Sources */ = {isa = PBXBuildFile; fileRef = A49A2DAC201F6A72004782F7 /* NSMutableDictionary+CLMutableDictionary.m */; };
		A49A2DD3201F6A74004782F7 /* NSAttributedString+CLAttributedString.h in Headers */ = {isa = PBXBuildFile; fileRef = A49A2DAE201F6A72004782F7 /* NSAttributedString+CLAttributedString.h */; settings = {ATTRIBUTES = (Public, ); }; };
		A49A2DD4201F6A74004782F7 /* NSAttributedString+CLAttributedString.m in Sources */ = {isa = PBXBuildFile; fileRef = A49A2DAF201F6A72004782F7 /* NSAttributedString+CLAttributedString.m */; };
		A49A2DD5201F6A74004782F7 /* NSString+CLString.m in Sources */ = {isa = PBXBuildFile; fileRef = A49A2DB1201F6A72004782F7 /* NSString+CLString.m */; };
		A49A2DD6201F6A74004782F7 /* NSString+CLString.h in Headers */ = {isa = PBXBuildFile; fileRef = A49A2DB2201F6A72004782F7 /* NSString+CLString.h */; settings = {ATTRIBUTES = (Public, ); }; };
		A49A2DD7201F6A74004782F7 /* NSBundle+CLBundle.h in Headers */ = {isa = PBXBuildFile; fileRef = A49A2DB4201F6A72004782F7 /* NSBundle+CLBundle.h */; settings = {ATTRIBUTES = (Public, ); }; };
		A49A2DD8201F6A74004782F7 /* NSBundle+CLBundle.m in Sources */ = {isa = PBXBuildFile; fileRef = A49A2DB5201F6A72004782F7 /* NSBundle+CLBundle.m */; };
		A49A2DD9201F6A74004782F7 /* NSData+CLData.m in Sources */ = {isa = PBXBuildFile; fileRef = A49A2DB7201F6A73004782F7 /* NSData+CLData.m */; };
		A49A2DDA201F6A74004782F7 /* NSData+CLData.h in Headers */ = {isa = PBXBuildFile; fileRef = A49A2DB8201F6A73004782F7 /* NSData+CLData.h */; settings = {ATTRIBUTES = (Public, ); }; };
		A49A2DDB201F6A74004782F7 /* NSMutableAttributedString+CLMutableAttributedString.m in Sources */ = {isa = PBXBuildFile; fileRef = A49A2DBA201F6A73004782F7 /* NSMutableAttributedString+CLMutableAttributedString.m */; };
		A49A2DDC201F6A74004782F7 /* NSMutableAttributedString+CLMutableAttributedString.h in Headers */ = {isa = PBXBuildFile; fileRef = A49A2DBB201F6A73004782F7 /* NSMutableAttributedString+CLMutableAttributedString.h */; settings = {ATTRIBUTES = (Public, ); }; };
		A49A2DDD201F6A74004782F7 /* NSURL+CLURL.m in Sources */ = {isa = PBXBuildFile; fileRef = A49A2DBD201F6A73004782F7 /* NSURL+CLURL.m */; };
		A49A2DDE201F6A74004782F7 /* NSURL+CLURL.h in Headers */ = {isa = PBXBuildFile; fileRef = A49A2DBE201F6A73004782F7 /* NSURL+CLURL.h */; settings = {ATTRIBUTES = (Public, ); }; };
		A49A2DDF201F6A74004782F7 /* NSDictionary+CLDictionary.m in Sources */ = {isa = PBXBuildFile; fileRef = A49A2DC0201F6A73004782F7 /* NSDictionary+CLDictionary.m */; };
		A49A2DE0201F6A75004782F7 /* NSDictionary+CLDictionary.h in Headers */ = {isa = PBXBuildFile; fileRef = A49A2DC1201F6A73004782F7 /* NSDictionary+CLDictionary.h */; settings = {ATTRIBUTES = (Public, ); }; };
		A49A2DE1201F6A75004782F7 /* NSMutableArray+CLMutableArray.h in Headers */ = {isa = PBXBuildFile; fileRef = A49A2DC3201F6A73004782F7 /* NSMutableArray+CLMutableArray.h */; settings = {ATTRIBUTES = (Public, ); }; };
		A49A2DE2201F6A75004782F7 /* NSMutableArray+CLMutableArray.m in Sources */ = {isa = PBXBuildFile; fileRef = A49A2DC4201F6A73004782F7 /* NSMutableArray+CLMutableArray.m */; };
		A49A2DE3201F6A75004782F7 /* NSArray+CLArray.h in Headers */ = {isa = PBXBuildFile; fileRef = A49A2DC6201F6A74004782F7 /* NSArray+CLArray.h */; settings = {ATTRIBUTES = (Public, ); }; };
		A49A2DE4201F6A75004782F7 /* NSArray+CLArray.m in Sources */ = {isa = PBXBuildFile; fileRef = A49A2DC7201F6A74004782F7 /* NSArray+CLArray.m */; };
		A49A2DE7201F6A75004782F7 /* NSDate+CLDate.h in Headers */ = {isa = PBXBuildFile; fileRef = A49A2DCC201F6A74004782F7 /* NSDate+CLDate.h */; settings = {ATTRIBUTES = (Public, ); }; };
		A49A2DE8201F6A75004782F7 /* NSDate+CLDate.m in Sources */ = {isa = PBXBuildFile; fileRef = A49A2DCD201F6A74004782F7 /* NSDate+CLDate.m */; };
/* End PBXBuildFile section */

/* Begin PBXFileReference section */
		A49A2D9B201F6A0A004782F7 /* CLFoundation.framework */ = {isa = PBXFileReference; explicitFileType = wrapper.framework; includeInIndex = 0; path = CLFoundation.framework; sourceTree = BUILT_PRODUCTS_DIR; };
		A49A2D9E201F6A0A004782F7 /* CLFoundation.h */ = {isa = PBXFileReference; lastKnownFileType = sourcecode.c.h; path = CLFoundation.h; sourceTree = "<group>"; };
		A49A2D9F201F6A0A004782F7 /* Info.plist */ = {isa = PBXFileReference; lastKnownFileType = text.plist.xml; path = Info.plist; sourceTree = "<group>"; };
		A49A2DAB201F6A72004782F7 /* NSMutableDictionary+CLMutableDictionary.h */ = {isa = PBXFileReference; fileEncoding = 4; lastKnownFileType = sourcecode.c.h; path = "NSMutableDictionary+CLMutableDictionary.h"; sourceTree = "<group>"; };
		A49A2DAC201F6A72004782F7 /* NSMutableDictionary+CLMutableDictionary.m */ = {isa = PBXFileReference; fileEncoding = 4; lastKnownFileType = sourcecode.c.objc; path = "NSMutableDictionary+CLMutableDictionary.m"; sourceTree = "<group>"; };
		A49A2DAE201F6A72004782F7 /* NSAttributedString+CLAttributedString.h */ = {isa = PBXFileReference; fileEncoding = 4; lastKnownFileType = sourcecode.c.h; path = "NSAttributedString+CLAttributedString.h"; sourceTree = "<group>"; };
		A49A2DAF201F6A72004782F7 /* NSAttributedString+CLAttributedString.m */ = {isa = PBXFileReference; fileEncoding = 4; lastKnownFileType = sourcecode.c.objc; path = "NSAttributedString+CLAttributedString.m"; sourceTree = "<group>"; };
		A49A2DB1201F6A72004782F7 /* NSString+CLString.m */ = {isa = PBXFileReference; fileEncoding = 4; lastKnownFileType = sourcecode.c.objc; path = "NSString+CLString.m"; sourceTree = "<group>"; };
		A49A2DB2201F6A72004782F7 /* NSString+CLString.h */ = {isa = PBXFileReference; fileEncoding = 4; lastKnownFileType = sourcecode.c.h; path = "NSString+CLString.h"; sourceTree = "<group>"; };
		A49A2DB4201F6A72004782F7 /* NSBundle+CLBundle.h */ = {isa = PBXFileReference; fileEncoding = 4; lastKnownFileType = sourcecode.c.h; path = "NSBundle+CLBundle.h"; sourceTree = "<group>"; };
		A49A2DB5201F6A72004782F7 /* NSBundle+CLBundle.m */ = {isa = PBXFileReference; fileEncoding = 4; lastKnownFileType = sourcecode.c.objc; path = "NSBundle+CLBundle.m"; sourceTree = "<group>"; };
		A49A2DB7201F6A73004782F7 /* NSData+CLData.m */ = {isa = PBXFileReference; fileEncoding = 4; lastKnownFileType = sourcecode.c.objc; path = "NSData+CLData.m"; sourceTree = "<group>"; };
		A49A2DB8201F6A73004782F7 /* NSData+CLData.h */ = {isa = PBXFileReference; fileEncoding = 4; lastKnownFileType = sourcecode.c.h; path = "NSData+CLData.h"; sourceTree = "<group>"; };
		A49A2DBA201F6A73004782F7 /* NSMutableAttributedString+CLMutableAttributedString.m */ = {isa = PBXFileReference; fileEncoding = 4; lastKnownFileType = sourcecode.c.objc; path = "NSMutableAttributedString+CLMutableAttributedString.m"; sourceTree = "<group>"; };
		A49A2DBB201F6A73004782F7 /* NSMutableAttributedString+CLMutableAttributedString.h */ = {isa = PBXFileReference; fileEncoding = 4; lastKnownFileType = sourcecode.c.h; path = "NSMutableAttributedString+CLMutableAttributedString.h"; sourceTree = "<group>"; };
		A49A2DBD201F6A73004782F7 /* NSURL+CLURL.m */ = {isa = PBXFileReference; fileEncoding = 4; lastKnownFileType = sourcecode.c.objc; path = "NSURL+CLURL.m"; sourceTree = "<group>"; };
		A49A2DBE201F6A73004782F7 /* NSURL+CLURL.h */ = {isa = PBXFileReference; fileEncoding = 4; lastKnownFileType = sourcecode.c.h; path = "NSURL+CLURL.h"; sourceTree = "<group>"; };
		A49A2DC0201F6A73004782F7 /* NSDictionary+CLDictionary.m */ = {isa = PBXFileReference; fileEncoding = 4; lastKnownFileType = sourcecode.c.objc; path = "NSDictionary+CLDictionary.m"; sourceTree = "<group>"; };
		A49A2DC1201F6A73004782F7 /* NSDictionary+CLDictionary.h */ = {isa = PBXFileReference; fileEncoding = 4; lastKnownFileType = sourcecode.c.h; path = "NSDictionary+CLDictionary.h"; sourceTree = "<group>"; };
		A49A2DC3201F6A73004782F7 /* NSMutableArray+CLMutableArray.h */ = {isa = PBXFileReference; fileEncoding = 4; lastKnownFileType = sourcecode.c.h; path = "NSMutableArray+CLMutableArray.h"; sourceTree = "<group>"; };
		A49A2DC4201F6A73004782F7 /* NSMutableArray+CLMutableArray.m */ = {isa = PBXFileReference; fileEncoding = 4; lastKnownFileType = sourcecode.c.objc; path = "NSMutableArray+CLMutableArray.m"; sourceTree = "<group>"; };
		A49A2DC6201F6A74004782F7 /* NSArray+CLArray.h */ = {isa = PBXFileReference; fileEncoding = 4; lastKnownFileType = sourcecode.c.h; path = "NSArray+CLArray.h"; sourceTree = "<group>"; };
		A49A2DC7201F6A74004782F7 /* NSArray+CLArray.m */ = {isa = PBXFileReference; fileEncoding = 4; lastKnownFileType = sourcecode.c.objc; path = "NSArray+CLArray.m"; sourceTree = "<group>"; };
		A49A2DCC201F6A74004782F7 /* NSDate+CLDate.h */ = {isa = PBXFileReference; fileEncoding = 4; lastKnownFileType = sourcecode.c.h; path = "NSDate+CLDate.h"; sourceTree = "<group>"; };
		A49A2DCD201F6A74004782F7 /* NSDate+CLDate.m */ = {isa = PBXFileReference; fileEncoding = 4; lastKnownFileType = sourcecode.c.objc; path = "NSDate+CLDate.m"; sourceTree = "<group>"; };
/* End PBXFileReference section */

/* Begin PBXFrameworksBuildPhase section */
		A49A2D97201F6A0A004782F7 /* Frameworks */ = {
			isa = PBXFrameworksBuildPhase;
			buildActionMask = 2147483647;
			files = (
			);
			runOnlyForDeploymentPostprocessing = 0;
		};
/* End PBXFrameworksBuildPhase section */

/* Begin PBXGroup section */
		A49A2D91201F6A0A004782F7 = {
			isa = PBXGroup;
			children = (
				A49A2D9D201F6A0A004782F7 /* CLFoundation */,
				A49A2D9C201F6A0A004782F7 /* Products */,
			);
			sourceTree = "<group>";
		};
		A49A2D9C201F6A0A004782F7 /* Products */ = {
			isa = PBXGroup;
			children = (
				A49A2D9B201F6A0A004782F7 /* CLFoundation.framework */,
			);
			name = Products;
			sourceTree = "<group>";
		};
		A49A2D9D201F6A0A004782F7 /* CLFoundation */ = {
			isa = PBXGroup;
			children = (
				A49A2D9E201F6A0A004782F7 /* CLFoundation.h */,
				A49A2D9F201F6A0A004782F7 /* Info.plist */,
				A49A2DC5201F6A74004782F7 /* NSArray+CLArray */,
				A49A2DAD201F6A72004782F7 /* NSAttributedString+CLAttributedString */,
				A49A2DB3201F6A72004782F7 /* NSBundle+CLBundle */,
				A49A2DB6201F6A73004782F7 /* NSData+CLData */,
				A49A2DCB201F6A74004782F7 /* NSDate+CLDate */,
				A49A2DBF201F6A73004782F7 /* NSDictionary+CLDictionary */,
				A49A2DC2201F6A73004782F7 /* NSMutableArray+CLMutableArray */,
				A49A2DB9201F6A73004782F7 /* NSMutableAttributedString+CLMutableAttributedString */,
				A49A2DAA201F6A72004782F7 /* NSMutableDictionary+CLMutableDictionary */,
				A49A2DB0201F6A72004782F7 /* NSString+CLString */,
				A49A2DBC201F6A73004782F7 /* NSURL+CLURL */,
			);
			path = CLFoundation;
			sourceTree = "<group>";
		};
		A49A2DAA201F6A72004782F7 /* NSMutableDictionary+CLMutableDictionary */ = {
			isa = PBXGroup;
			children = (
				A49A2DAB201F6A72004782F7 /* NSMutableDictionary+CLMutableDictionary.h */,
				A49A2DAC201F6A72004782F7 /* NSMutableDictionary+CLMutableDictionary.m */,
			);
			path = "NSMutableDictionary+CLMutableDictionary";
			sourceTree = "<group>";
		};
		A49A2DAD201F6A72004782F7 /* NSAttributedString+CLAttributedString */ = {
			isa = PBXGroup;
			children = (
				A49A2DAE201F6A72004782F7 /* NSAttributedString+CLAttributedString.h */,
				A49A2DAF201F6A72004782F7 /* NSAttributedString+CLAttributedString.m */,
			);
			path = "NSAttributedString+CLAttributedString";
			sourceTree = "<group>";
		};
		A49A2DB0201F6A72004782F7 /* NSString+CLString */ = {
			isa = PBXGroup;
			children = (
				A49A2DB2201F6A72004782F7 /* NSString+CLString.h */,
				A49A2DB1201F6A72004782F7 /* NSString+CLString.m */,
			);
			path = "NSString+CLString";
			sourceTree = "<group>";
		};
		A49A2DB3201F6A72004782F7 /* NSBundle+CLBundle */ = {
			isa = PBXGroup;
			children = (
				A49A2DB4201F6A72004782F7 /* NSBundle+CLBundle.h */,
				A49A2DB5201F6A72004782F7 /* NSBundle+CLBundle.m */,
			);
			path = "NSBundle+CLBundle";
			sourceTree = "<group>";
		};
		A49A2DB6201F6A73004782F7 /* NSData+CLData */ = {
			isa = PBXGroup;
			children = (
				A49A2DB8201F6A73004782F7 /* NSData+CLData.h */,
				A49A2DB7201F6A73004782F7 /* NSData+CLData.m */,
			);
			path = "NSData+CLData";
			sourceTree = "<group>";
		};
		A49A2DB9201F6A73004782F7 /* NSMutableAttributedString+CLMutableAttributedString */ = {
			isa = PBXGroup;
			children = (
				A49A2DBB201F6A73004782F7 /* NSMutableAttributedString+CLMutableAttributedString.h */,
				A49A2DBA201F6A73004782F7 /* NSMutableAttributedString+CLMutableAttributedString.m */,
			);
			path = "NSMutableAttributedString+CLMutableAttributedString";
			sourceTree = "<group>";
		};
		A49A2DBC201F6A73004782F7 /* NSURL+CLURL */ = {
			isa = PBXGroup;
			children = (
				A49A2DBE201F6A73004782F7 /* NSURL+CLURL.h */,
				A49A2DBD201F6A73004782F7 /* NSURL+CLURL.m */,
			);
			path = "NSURL+CLURL";
			sourceTree = "<group>";
		};
		A49A2DBF201F6A73004782F7 /* NSDictionary+CLDictionary */ = {
			isa = PBXGroup;
			children = (
				A49A2DC1201F6A73004782F7 /* NSDictionary+CLDictionary.h */,
				A49A2DC0201F6A73004782F7 /* NSDictionary+CLDictionary.m */,
			);
			path = "NSDictionary+CLDictionary";
			sourceTree = "<group>";
		};
		A49A2DC2201F6A73004782F7 /* NSMutableArray+CLMutableArray */ = {
			isa = PBXGroup;
			children = (
				A49A2DC3201F6A73004782F7 /* NSMutableArray+CLMutableArray.h */,
				A49A2DC4201F6A73004782F7 /* NSMutableArray+CLMutableArray.m */,
			);
			path = "NSMutableArray+CLMutableArray";
			sourceTree = "<group>";
		};
		A49A2DC5201F6A74004782F7 /* NSArray+CLArray */ = {
			isa = PBXGroup;
			children = (
				A49A2DC6201F6A74004782F7 /* NSArray+CLArray.h */,
				A49A2DC7201F6A74004782F7 /* NSArray+CLArray.m */,
			);
			path = "NSArray+CLArray";
			sourceTree = "<group>";
		};
		A49A2DCB201F6A74004782F7 /* NSDate+CLDate */ = {
			isa = PBXGroup;
			children = (
				A49A2DCC201F6A74004782F7 /* NSDate+CLDate.h */,
				A49A2DCD201F6A74004782F7 /* NSDate+CLDate.m */,
			);
			path = "NSDate+CLDate";
			sourceTree = "<group>";
		};
/* End PBXGroup section */

/* Begin PBXHeadersBuildPhase section */
		A49A2D98201F6A0A004782F7 /* Headers */ = {
			isa = PBXHeadersBuildPhase;
			buildActionMask = 2147483647;
			files = (
				A49A2DDE201F6A74004782F7 /* NSURL+CLURL.h in Headers */,
				A49A2DD6201F6A74004782F7 /* NSString+CLString.h in Headers */,
				A49A2DE1201F6A75004782F7 /* NSMutableArray+CLMutableArray.h in Headers */,
				A49A2DE0201F6A75004782F7 /* NSDictionary+CLDictionary.h in Headers */,
				A49A2DD3201F6A74004782F7 /* NSAttributedString+CLAttributedString.h in Headers */,
				A49A2DE3201F6A75004782F7 /* NSArray+CLArray.h in Headers */,
				A49A2DD7201F6A74004782F7 /* NSBundle+CLBundle.h in Headers */,
				A49A2DDA201F6A74004782F7 /* NSData+CLData.h in Headers */,
				A49A2DE7201F6A75004782F7 /* NSDate+CLDate.h in Headers */,
				A49A2DDC201F6A74004782F7 /* NSMutableAttributedString+CLMutableAttributedString.h in Headers */,
				A49A2DD1201F6A74004782F7 /* NSMutableDictionary+CLMutableDictionary.h in Headers */,
				A49A2DA0201F6A0A004782F7 /* CLFoundation.h in Headers */,
			);
			runOnlyForDeploymentPostprocessing = 0;
		};
/* End PBXHeadersBuildPhase section */

/* Begin PBXNativeTarget section */
		A49A2D9A201F6A0A004782F7 /* CLFoundation */ = {
			isa = PBXNativeTarget;
			buildConfigurationList = A49A2DA3201F6A0A004782F7 /* Build configuration list for PBXNativeTarget "CLFoundation" */;
			buildPhases = (
				A49A2D96201F6A0A004782F7 /* Sources */,
				A49A2D97201F6A0A004782F7 /* Frameworks */,
				A49A2D98201F6A0A004782F7 /* Headers */,
				A49A2D99201F6A0A004782F7 /* Resources */,
			);
			buildRules = (
			);
			dependencies = (
			);
			name = CLFoundation;
			productName = CLFoundation;
			productReference = A49A2D9B201F6A0A004782F7 /* CLFoundation.framework */;
			productType = "com.apple.product-type.framework";
		};
/* End PBXNativeTarget section */

/* Begin PBXProject section */
		A49A2D92201F6A0A004782F7 /* Project object */ = {
			isa = PBXProject;
			attributes = {
				LastUpgradeCheck = 0920;
				ORGANIZATIONNAME = "Cain Luo";
				TargetAttributes = {
					A49A2D9A201F6A0A004782F7 = {
						CreatedOnToolsVersion = 9.2;
						ProvisioningStyle = Automatic;
					};
				};
			};
			buildConfigurationList = A49A2D95201F6A0A004782F7 /* Build configuration list for PBXProject "CLFoundation" */;
			compatibilityVersion = "Xcode 8.0";
			developmentRegion = en;
			hasScannedForEncodings = 0;
			knownRegions = (
				en,
			);
			mainGroup = A49A2D91201F6A0A004782F7;
			productRefGroup = A49A2D9C201F6A0A004782F7 /* Products */;
			projectDirPath = "";
			projectRoot = "";
			targets = (
				A49A2D9A201F6A0A004782F7 /* CLFoundation */,
			);
		};
/* End PBXProject section */

/* Begin PBXResourcesBuildPhase section */
		A49A2D99201F6A0A004782F7 /* Resources */ = {
			isa = PBXResourcesBuildPhase;
			buildActionMask = 2147483647;
			files = (
			);
			runOnlyForDeploymentPostprocessing = 0;
		};
/* End PBXResourcesBuildPhase section */

/* Begin PBXSourcesBuildPhase section */
		A49A2D96201F6A0A004782F7 /* Sources */ = {
			isa = PBXSourcesBuildPhase;
			buildActionMask = 2147483647;
			files = (
				A49A2DD4201F6A74004782F7 /* NSAttributedString+CLAttributedString.m in Sources */,
				A49A2DE2201F6A75004782F7 /* NSMutableArray+CLMutableArray.m in Sources */,
				A49A2DDD201F6A74004782F7 /* NSURL+CLURL.m in Sources */,
				A49A2DDB201F6A74004782F7 /* NSMutableAttributedString+CLMutableAttributedString.m in Sources */,
				A49A2DD8201F6A74004782F7 /* NSBundle+CLBundle.m in Sources */,
				A49A2DE8201F6A75004782F7 /* NSDate+CLDate.m in Sources */,
				A49A2DD2201F6A74004782F7 /* NSMutableDictionary+CLMutableDictionary.m in Sources */,
				A49A2DD5201F6A74004782F7 /* NSString+CLString.m in Sources */,
				A49A2DE4201F6A75004782F7 /* NSArray+CLArray.m in Sources */,
				A49A2DDF201F6A74004782F7 /* NSDictionary+CLDictionary.m in Sources */,
				A49A2DD9201F6A74004782F7 /* NSData+CLData.m in Sources */,
			);
			runOnlyForDeploymentPostprocessing = 0;
		};
/* End PBXSourcesBuildPhase section */

/* Begin XCBuildConfiguration section */
		A49A2DA1201F6A0A004782F7 /* Debug */ = {
			isa = XCBuildConfiguration;
			buildSettings = {
				ALWAYS_SEARCH_USER_PATHS = NO;
				CLANG_ANALYZER_NONNULL = YES;
				CLANG_ANALYZER_NUMBER_OBJECT_CONVERSION = YES_AGGRESSIVE;
				CLANG_CXX_LANGUAGE_STANDARD = "gnu++14";
				CLANG_CXX_LIBRARY = "libc++";
				CLANG_ENABLE_MODULES = YES;
				CLANG_ENABLE_OBJC_ARC = YES;
				CLANG_WARN_BLOCK_CAPTURE_AUTORELEASING = YES;
				CLANG_WARN_BOOL_CONVERSION = YES;
				CLANG_WARN_COMMA = YES;
				CLANG_WARN_CONSTANT_CONVERSION = YES;
				CLANG_WARN_DIRECT_OBJC_ISA_USAGE = YES_ERROR;
				CLANG_WARN_DOCUMENTATION_COMMENTS = YES;
				CLANG_WARN_EMPTY_BODY = YES;
				CLANG_WARN_ENUM_CONVERSION = YES;
				CLANG_WARN_INFINITE_RECURSION = YES;
				CLANG_WARN_INT_CONVERSION = YES;
				CLANG_WARN_NON_LITERAL_NULL_CONVERSION = YES;
				CLANG_WARN_OBJC_LITERAL_CONVERSION = YES;
				CLANG_WARN_OBJC_ROOT_CLASS = YES_ERROR;
				CLANG_WARN_RANGE_LOOP_ANALYSIS = YES;
				CLANG_WARN_STRICT_PROTOTYPES = YES;
				CLANG_WARN_SUSPICIOUS_MOVE = YES;
				CLANG_WARN_UNGUARDED_AVAILABILITY = YES_AGGRESSIVE;
				CLANG_WARN_UNREACHABLE_CODE = YES;
				CLANG_WARN__DUPLICATE_METHOD_MATCH = YES;
				CODE_SIGN_IDENTITY = "iPhone Developer";
				COPY_PHASE_STRIP = NO;
				CURRENT_PROJECT_VERSION = 1;
				DEBUG_INFORMATION_FORMAT = dwarf;
				ENABLE_STRICT_OBJC_MSGSEND = YES;
				ENABLE_TESTABILITY = YES;
				GCC_C_LANGUAGE_STANDARD = gnu11;
				GCC_DYNAMIC_NO_PIC = NO;
				GCC_NO_COMMON_BLOCKS = YES;
				GCC_OPTIMIZATION_LEVEL = 0;
				GCC_PREPROCESSOR_DEFINITIONS = (
					"DEBUG=1",
					"$(inherited)",
				);
				GCC_WARN_64_TO_32_BIT_CONVERSION = YES;
				GCC_WARN_ABOUT_RETURN_TYPE = YES_ERROR;
				GCC_WARN_UNDECLARED_SELECTOR = YES;
				GCC_WARN_UNINITIALIZED_AUTOS = YES_AGGRESSIVE;
				GCC_WARN_UNUSED_FUNCTION = YES;
				GCC_WARN_UNUSED_VARIABLE = YES;
				IPHONEOS_DEPLOYMENT_TARGET = 11.2;
				MTL_ENABLE_DEBUG_INFO = YES;
				ONLY_ACTIVE_ARCH = YES;
				SDKROOT = iphoneos;
				VERSIONING_SYSTEM = "apple-generic";
				VERSION_INFO_PREFIX = "";
			};
			name = Debug;
		};
		A49A2DA2201F6A0A004782F7 /* Release */ = {
			isa = XCBuildConfiguration;
			buildSettings = {
				ALWAYS_SEARCH_USER_PATHS = NO;
				CLANG_ANALYZER_NONNULL = YES;
				CLANG_ANALYZER_NUMBER_OBJECT_CONVERSION = YES_AGGRESSIVE;
				CLANG_CXX_LANGUAGE_STANDARD = "gnu++14";
				CLANG_CXX_LIBRARY = "libc++";
				CLANG_ENABLE_MODULES = YES;
				CLANG_ENABLE_OBJC_ARC = YES;
				CLANG_WARN_BLOCK_CAPTURE_AUTORELEASING = YES;
				CLANG_WARN_BOOL_CONVERSION = YES;
				CLANG_WARN_COMMA = YES;
				CLANG_WARN_CONSTANT_CONVERSION = YES;
				CLANG_WARN_DIRECT_OBJC_ISA_USAGE = YES_ERROR;
				CLANG_WARN_DOCUMENTATION_COMMENTS = YES;
				CLANG_WARN_EMPTY_BODY = YES;
				CLANG_WARN_ENUM_CONVERSION = YES;
				CLANG_WARN_INFINITE_RECURSION = YES;
				CLANG_WARN_INT_CONVERSION = YES;
				CLANG_WARN_NON_LITERAL_NULL_CONVERSION = YES;
				CLANG_WARN_OBJC_LITERAL_CONVERSION = YES;
				CLANG_WARN_OBJC_ROOT_CLASS = YES_ERROR;
				CLANG_WARN_RANGE_LOOP_ANALYSIS = YES;
				CLANG_WARN_STRICT_PROTOTYPES = YES;
				CLANG_WARN_SUSPICIOUS_MOVE = YES;
				CLANG_WARN_UNGUARDED_AVAILABILITY = YES_AGGRESSIVE;
				CLANG_WARN_UNREACHABLE_CODE = YES;
				CLANG_WARN__DUPLICATE_METHOD_MATCH = YES;
				CODE_SIGN_IDENTITY = "iPhone Developer";
				COPY_PHASE_STRIP = NO;
				CURRENT_PROJECT_VERSION = 1;
				DEBUG_INFORMATION_FORMAT = "dwarf-with-dsym";
				ENABLE_NS_ASSERTIONS = NO;
				ENABLE_STRICT_OBJC_MSGSEND = YES;
				GCC_C_LANGUAGE_STANDARD = gnu11;
				GCC_NO_COMMON_BLOCKS = YES;
				GCC_WARN_64_TO_32_BIT_CONVERSION = YES;
				GCC_WARN_ABOUT_RETURN_TYPE = YES_ERROR;
				GCC_WARN_UNDECLARED_SELECTOR = YES;
				GCC_WARN_UNINITIALIZED_AUTOS = YES_AGGRESSIVE;
				GCC_WARN_UNUSED_FUNCTION = YES;
				GCC_WARN_UNUSED_VARIABLE = YES;
				IPHONEOS_DEPLOYMENT_TARGET = 11.2;
				MTL_ENABLE_DEBUG_INFO = NO;
				SDKROOT = iphoneos;
				VALIDATE_PRODUCT = YES;
				VERSIONING_SYSTEM = "apple-generic";
				VERSION_INFO_PREFIX = "";
			};
			name = Release;
		};
		A49A2DA4201F6A0A004782F7 /* Debug */ = {
			isa = XCBuildConfiguration;
			buildSettings = {
				CODE_SIGN_IDENTITY = "";
				CODE_SIGN_STYLE = Automatic;
				DEFINES_MODULE = YES;
				DYLIB_COMPATIBILITY_VERSION = 1;
				DYLIB_CURRENT_VERSION = 1;
				DYLIB_INSTALL_NAME_BASE = "@rpath";
				INFOPLIST_FILE = CLFoundation/Info.plist;
				INSTALL_PATH = "$(LOCAL_LIBRARY_DIR)/Frameworks";
				IPHONEOS_DEPLOYMENT_TARGET = 8.0;
				LD_RUNPATH_SEARCH_PATHS = "$(inherited) @executable_path/Frameworks @loader_path/Frameworks";
				PRODUCT_BUNDLE_IDENTIFIER = com.CainLuo.CLFoundation;
				PRODUCT_NAME = "$(TARGET_NAME:c99extidentifier)";
				SKIP_INSTALL = YES;
				TARGETED_DEVICE_FAMILY = "1,2";
			};
			name = Debug;
		};
		A49A2DA5201F6A0A004782F7 /* Release */ = {
			isa = XCBuildConfiguration;
			buildSettings = {
				CODE_SIGN_IDENTITY = "";
				CODE_SIGN_STYLE = Automatic;
				DEFINES_MODULE = YES;
				DYLIB_COMPATIBILITY_VERSION = 1;
				DYLIB_CURRENT_VERSION = 1;
				DYLIB_INSTALL_NAME_BASE = "@rpath";
				INFOPLIST_FILE = CLFoundation/Info.plist;
				INSTALL_PATH = "$(LOCAL_LIBRARY_DIR)/Frameworks";
				IPHONEOS_DEPLOYMENT_TARGET = 8.0;
				LD_RUNPATH_SEARCH_PATHS = "$(inherited) @executable_path/Frameworks @loader_path/Frameworks";
				PRODUCT_BUNDLE_IDENTIFIER = com.CainLuo.CLFoundation;
				PRODUCT_NAME = "$(TARGET_NAME:c99extidentifier)";
				SKIP_INSTALL = YES;
				TARGETED_DEVICE_FAMILY = "1,2";
			};
			name = Release;
		};
/* End XCBuildConfiguration section */

/* Begin XCConfigurationList section */
		A49A2D95201F6A0A004782F7 /* Build configuration list for PBXProject "CLFoundation" */ = {
			isa = XCConfigurationList;
			buildConfigurations = (
				A49A2DA1201F6A0A004782F7 /* Debug */,
				A49A2DA2201F6A0A004782F7 /* Release */,
			);
			defaultConfigurationIsVisible = 0;
			defaultConfigurationName = Release;
		};
		A49A2DA3201F6A0A004782F7 /* Build configuration list for PBXNativeTarget "CLFoundation" */ = {
			isa = XCConfigurationList;
			buildConfigurations = (
				A49A2DA4201F6A0A004782F7 /* Debug */,
				A49A2DA5201F6A0A004782F7 /* Release */,
			);
			defaultConfigurationIsVisible = 0;
			defaultConfigurationName = Release;
		};
/* End XCConfigurationList section */
	};
	rootObject = A49A2D92201F6A0A004782F7 /* Project object */;
}
